
Microsoft Visual Studio Solution File, Format Version 12.00
# Visual Studio Version 16
VisualStudioVersion = 16.0.31729.503
MinimumVisualStudioVersion = 10.0.40219.1
Project("{FAE04EC0-301F-11D3-BF4B-00C04F79EFBC}") = "ms-vs-2019-pullRequestDemo", "ms-vs-2019-pullRequestDemo\ms-vs-2019-pullRequestDemo.csproj", "{FD096654-3361-46E0-A5CF-178FE842A06E}"
EndProject
Global
	GlobalSection(SolutionConfigurationPlatforms) = preSolution
		Debug|Any CPU = Debug|Any CPU
		Release|Any CPU = Release|Any CPU
	EndGlobalSection
	GlobalSection(ProjectConfigurationPlatforms) = postSolution
		{FD096654-3361-46E0-A5CF-178FE842A06E}.Debug|Any CPU.ActiveCfg = Debug|Any CPU
		{FD096654-3361-46E0-A5CF-178FE842A06E}.Debug|Any CPU.Build.0 = Debug|Any CPU
		{FD096654-3361-46E0-A5CF-178FE842A06E}.Release|Any CPU.ActiveCfg = Release|Any CPU
		{FD096654-3361-46E0-A5CF-178FE842A06E}.Release|Any CPU.Build.0 = Release|Any CPU
	EndGlobalSection
	GlobalSection(SolutionProperties) = preSolution
		HideSolutionNode = FALSE
	EndGlobalSection
	GlobalSection(ExtensibilityGlobals) = postSolution
		SolutionGuid = {BEA60EC3-CBBC-421F-8634-18FCD810F4CD}
	EndGlobalSection
EndGlobal
